
Microsoft Visual Studio Solution File, Format Version 12.00
# Visual Studio 15
VisualStudioVersion = 15.0.27703.2035
MinimumVisualStudioVersion = 10.0.40219.1
Project("{FAE04EC0-301F-11D3-BF4B-00C04F79EFBC}") = "TelegramCryptoBot", "TelegramCryptoBot.csproj", "{19A23D8E-0E46-4C3B-B199-C7A1AA42C555}"
EndProject
Global
	GlobalSection(SolutionConfigurationPlatforms) = preSolution
		Debug|Any CPU = Debug|Any CPU
		Release|Any CPU = Release|Any CPU
	EndGlobalSection
	GlobalSection(ProjectConfigurationPlatforms) = postSolution
		{19A23D8E-0E46-4C3B-B199-C7A1AA42C555}.Debug|Any CPU.ActiveCfg = Debug|Any CPU
		{19A23D8E-0E46-4C3B-B199-C7A1AA42C555}.Debug|Any CPU.Build.0 = Debug|Any CPU
		{19A23D8E-0E46-4C3B-B199-C7A1AA42C555}.Release|Any CPU.ActiveCfg = Release|Any CPU
		{19A23D8E-0E46-4C3B-B199-C7A1AA42C555}.Release|Any CPU.Build.0 = Release|Any CPU
	EndGlobalSection
	GlobalSection(SolutionProperties) = preSolution
		HideSolutionNode = FALSE
	EndGlobalSection
	GlobalSection(ExtensibilityGlobals) = postSolution
		SolutionGuid = {CF2284EC-CB16-4299-88A4-28244BB6BA52}
	EndGlobalSection
EndGlobal
